{
  "name": "SUMSN",
  "lockfileVersion": 3,
  "requires": true,
  "packages": {
    "": {
      "dependencies": {
        "@aws-sdk/client-s3": "^3.1110.0",
        "axios": "^1.19.0",
        "cors": "^2.8.6",
        "dotenv": "^17.4.2",
        "express": "^5.2.1",
        "mongodb": "^7.5.0",
        "mongoose": "^9.9.1",
        "nodemailer": "^9.0.5"
      },
      "engines": {
        "node": "24.x"
      }
    },
    "node_modules/@aws-sdk/checksums": {
      "version": "3.1000.27",
      "resolved": "https://registry.npmjs.org/@aws-sdk/checksums/-/checksums-3.1000.27.tgz",
      "integrity": "sha512-insWOqKKNUrbN/dohEG7BJ0U5GkyqhjbMb/NHNaLUtq+7my2M8C4EnZZZoxMmXRqCC+P9dEr+KyJA2JGGzoKLg==",
      "license": "Apache-2.0",
      "dependencies": {
        "@aws-sdk/core": "^3.977.7",
        "@aws-sdk/types": "^3.974.3",
        "@smithy/core": "^3.31.1",
        "@smithy/types": "^4.16.1",
        "tslib": "^2.6.2"
      },
      "engines": {
        "node": ">=20.0.0"
      }
    },
    "node_modules/@aws-sdk/client-s3": {
      "version": "3.1110.0",
      "resolved": "https://registry.npmjs.org/@aws-sdk/client-s3/-/client-s3-3.1110.0.tgz",
      "integrity": "sha512-40xbEcWjdaYKlZ4/NvndIJ3LotAEQAvHVQ7Z4NVy4Z4xGRN7xXJlHI9bMh/4aMJQ++6h5W5sv+wqjfk0rEKOBg==",
      "license": "Apache-2.0",
      "dependencies": {
        "@aws-sdk/checksums": "^3.1000.27",
        "@aws-sdk/core": "^3.977.7",
        "@aws-sdk/credential-provider-node": "^3.972.79",
        "@aws-sdk/middleware-sdk-s3": "^3.972.73",
        "@aws-sdk/signature-v4-multi-region": "^3.996.44",
        "@aws-sdk/types": "^3.974.3",
        "@smithy/core": "^3.31.1",
        "@smithy/fetch-http-handler": "^5.6.13",
        "@smithy/node-http-handler": "^4.9.13",
        "@smithy/types": "^4.16.1",
        "tslib": "^2.6.2"
      },
      "engines": {
        "node": ">=20.0.0"
      }
    },
    "node_modules/@aws-sdk/core": {
      "version": "3.977.7",
      "resolved": "https://registry.npmjs.org/@aws-sdk/core/-/core-3.977.7.tgz",
      "integrity": "sha512-I88Iov89NVmjSmJLKSv7Cn9M2J+a2942OkA8nZCbz+sl4ZeY4zEOcoLOrbt1GRfQ8zEQKnjAJdXixA3J/p1fDQ==",
      "license": "Apache-2.0",
      "dependencies": {
        "@aws-sdk/types": "^3.974.3",
        "@aws-sdk/xml-builder": "^3.972.38",
        "@aws/lambda-invoke-store": "^0.3.0",
        "@smithy/core": "^3.31.1",
        "@smithy/signature-v4": "^5.6.12",
        "@smithy/types": "^4.16.1",
        "bowser": "^2.11.0",
        "tslib": "^2.6.2"
      },
      "engines": {
        "node": ">=20.0.0"
      }
    },
    "node_modules/@aws-sdk/credential-provider-env": {
      "version": "3.972.68",
      "resolved": "https://registry.npmjs.org/@aws-sdk/credential-provider-env/-/credential-provider-env-3.972.68.tgz",
      "integrity": "sha512-2a20A/IdNOwUvaDq91iqqS7BA0XlNMfW3iLGZGZLJv0EbUqhSxB0PIx4rQQqssvWj1uXImb3/UCCdHz/+1dOiA==",
      "license": "Apache-2.0",
      "dependencies": {
        "@aws-sdk/core": "^3.977.7",
        "@aws-sdk/types": "^3.974.3",
        "@smithy/core": "^3.31.1",
        "@smithy/types": "^4.16.1",
        "tslib": "^2.6.2"
      },
      "engines": {
        "node": ">=20.0.0"
      }
    },
    "node_modules/@aws-sdk/credential-provider-http": {
      "version": "3.972.70",
      "resolved": "https://registry.npmjs.org/@aws-sdk/credential-provider-http/-/credential-provider-http-3.972.70.tgz",
      "integrity": "sha512-0yRem2Fs52r/Nn6UAqIlpjexfaYj8ziEozOe9tamtAVT/5bzFLKx8O2r7MaRqgS3hGKHIa1Jij9nKHSsNnb04A==",
      "license": "Apache-2.0",
      "dependencies": {
        "@aws-sdk/core": "^3.977.7",
        "@aws-sdk/types": "^3.974.3",
        "@smithy/core": "^3.31.1",
        "@smithy/fetch-http-handler": "^5.6.13",
        "@smithy/node-http-handler": "^4.9.13",
        "@smithy/types": "^4.16.1",
        "tslib": "^2.6.2"
      },
      "engines": {
        "node": ">=20.0.0"
      }
    },
    "node_modules/@aws-sdk/credential-provider-ini": {
      "version": "3.973.13",
      "resolved": "https://registry.npmjs.org/@aws-sdk/credential-provider-ini/-/credential-provider-ini-3.973.13.tgz",
      "integrity": "sha512-2M39DE02XpYYaSWYk/4AsImXYUU/1L2xmTMLUpMMWq7DfLv191/vCRy3baKtdr45AkJQyVgSjmuVOLm15SwrRQ==",
      "license": "Apache-2.0",
      "dependencies": {
        "@aws-sdk/core": "^3.977.7",
        "@aws-sdk/credential-provider-env": "^3.972.68",
        "@aws-sdk/credential-provider-http": "^3.972.70",
        "@aws-sdk/credential-provider-login": "^3.972.75",
        "@aws-sdk/credential-provider-process": "^3.972.68",
        "@aws-sdk/credential-provider-sso": "^3.973.12",
        "@aws-sdk/credential-provider-web-identity": "^3.972.74",
        "@aws-sdk/nested-clients": "^3.997.42",
        "@aws-sdk/types": "^3.974.3",
        "@smithy/core": "^3.31.1",
        "@smithy/credential-provider-imds": "^4.4.16",
        "@smithy/types": "^4.16.1",
        "tslib": "^2.6.2"
      },
      "engines": {
        "node": ">=20.0.0"
      }
    },
    "node_modules/@aws-sdk/credential-provider-login": {
      "version": "3.972.75",
      "resolved": "https://registry.npmjs.org/@aws-sdk/credential-provider-login/-/credential-provider-login-3.972.75.tgz",
      "integrity": "sha512-jaTESuJlQsoUZ44f/i2puyPt8VlF/dMMJ9HM3cStYtk7eKX4N9UWi83OLixUkoOJH3BwWlPLCq9YIK9nfWhVBg==",
      "license": "Apache-2.0",
      "dependencies": {
        "@aws-sdk/core": "^3.977.7",
        "@aws-sdk/nested-clients": "^3.997.42",
        "@aws-sdk/types": "^3.974.3",
        "@smithy/core": "^3.31.1",
        "@smithy/types": "^4.16.1",
        "tslib": "^2.6.2"
      },
      "engines": {
        "node": ">=20.0.0"
      }
    },
    "node_modules/@aws-sdk/credential-provider-node": {
      "version": "3.972.79",
      "resolved": "https://registry.npmjs.org/@aws-sdk/credential-provider-node/-/credential-provider-node-3.972.79.tgz",
      "integrity": "sha512-RIw5dof1EHkWubrZzPC941CDtnFG1iAXsxbFgLkhdYZXHc4icU13c/uxSMI0J5eUx9bxa7LjfpdjfClBB1QsDA==",
      "license": "Apache-2.0",
      "dependencies": {
        "@aws-sdk/credential-provider-env": "^3.972.68",
        "@aws-sdk/credential-provider-http": "^3.972.70",
        "@aws-sdk/credential-provider-ini": "^3.973.13",
        "@aws-sdk/credential-provider-process": "^3.972.68",
        "@aws-sdk/credential-provider-sso": "^3.973.12",
        "@aws-sdk/credential-provider-web-identity": "^3.972.74",
        "@aws-sdk/types": "^3.974.3",
        "@smithy/core": "^3.31.1",
        "@smithy/credential-provider-imds": "^4.4.16",
        "@smithy/types": "^4.16.1",
        "tslib": "^2.6.2"
      },
      "engines": {
        "node": ">=20.0.0"
      }
    },
    "node_modules/@aws-sdk/credential-provider-process": {
      "version": "3.972.68",
      "resolved": "https://registry.npmjs.org/@aws-sdk/credential-provider-process/-/credential-provider-process-3.972.68.tgz",
      "integrity": "sha512-nLP3Pda2MQTFJ25hKBMmUuB9Uv+bTZQNlufbeCwklP549Vwnkd8bRLJoCKp5k6xjmdyptrPrOfGOhN0mKuca8A==",
      "license": "Apache-2.0",
      "dependencies": {
        "@aws-sdk/core": "^3.977.7",
        "@aws-sdk/types": "^3.974.3",
        "@smithy/core": "^3.31.1",
        "@smithy/types": "^4.16.1",
        "tslib": "^2.6.2"
      },
      "engines": {
        "node": ">=20.0.0"
      }
    },
    "node_modules/@aws-sdk/credential-provider-sso": {
      "version": "3.973.12",
      "resolved": "https://registry.npmjs.org/@aws-sdk/credential-provider-sso/-/credential-provider-sso-3.973.12.tgz",
      "integrity": "sha512-EmgyyHn+f9WCcelp3L/vci+LGbX8GigWaVphRArjVo5Pktkr9YnLy/mQ6VDkDyBD72dtfRNTgHmD2ts4rTDXKQ==",
      "license": "Apache-2.0",
      "dependencies": {
        "@aws-sdk/core": "^3.977.7",
        "@aws-sdk/nested-clients": "^3.997.42",
        "@aws-sdk/token-providers": "3.1108.0",
        "@aws-sdk/types": "^3.974.3",
        "@smithy/core": "^3.31.1",
        "@smithy/types": "^4.16.1",
        "tslib": "^2.6.2"
      },
      "engines": {
        "node": ">=20.0.0"
      }
    },
    "node_modules/@aws-sdk/credential-provider-web-identity": {
      "version": "3.972.74",
      "resolved": "https://registry.npmjs.org/@aws-sdk/credential-provider-web-identity/-/credential-provider-web-identity-3.972.74.tgz",
      "integrity": "sha512-0YfczxGXF3RjGj8z7QG/Ho2HnLGKDHfPSHiTs47UU1U/+mmwISDN+rvGKt2zh+3FX8NdT4xd95LGBGyhQw2dgQ==",
      "license": "Apache-2.0",
      "dependencies": {
        "@aws-sdk/core": "^3.977.7",
        "@aws-sdk/nested-clients": "^3.997.42",
        "@aws-sdk/types": "^3.974.3",
        "@smithy/core": "^3.31.1",
        "@smithy/types": "^4.16.1",
        "tslib": "^2.6.2"
      },
      "engines": {
        "node": ">=20.0.0"
      }
    },
    "node_modules/@aws-sdk/middleware-sdk-s3": {
      "version": "3.972.73",
      "resolved": "https://registry.npmjs.org/@aws-sdk/middleware-sdk-s3/-/middleware-sdk-s3-3.972.73.tgz",
      "integrity": "sha512-oy7sRA5HvHcAvkcKX6F8RI240jcOf3c8y/Gqjs9qemIibdKQqGBIi0uwa+47ZRYqGLpdEO28TQU4G73yUzo06Q==",
      "license": "Apache-2.0",
      "dependencies": {
        "@aws-sdk/core": "^3.977.7",
        "@aws-sdk/signature-v4-multi-region": "^3.996.44",
        "@aws-sdk/types": "^3.974.3",
        "@smithy/core": "^3.31.1",
        "@smithy/types": "^4.16.1",
        "tslib": "^2.6.2"
      },
      "engines": {
        "node": ">=20.0.0"
      }
    },
    "node_modules/@aws-sdk/nested-clients": {
      "version": "3.997.42",
      "resolved": "https://registry.npmjs.org/@aws-sdk/nested-clients/-/nested-clients-3.997.42.tgz",
      "integrity": "sha512-XWRyon2MTHXD/zMoo0Mbge6Vwf+iE0qQaM/RyGO6NfZ9WukCFiQL27nQVZjYy2JwSIg+iXZxKOX95OBXqlSM4w==",
      "license": "Apache-2.0",
      "dependencies": {
        "@aws-sdk/core": "^3.977.7",
        "@aws-sdk/signature-v4-multi-region": "^3.996.44",
        "@aws-sdk/types": "^3.974.3",
        "@smithy/core": "^3.31.1",
        "@smithy/fetch-http-handler": "^5.6.13",
        "@smithy/node-http-handler": "^4.9.13",
        "@smithy/types": "^4.16.1",
        "tslib": "^2.6.2"
      },
      "engines": {
        "node": ">=20.0.0"
      }
    },
    "node_modules/@aws-sdk/signature-v4-multi-region": {
      "version": "3.996.44",
      "resolved": "https://registry.npmjs.org/@aws-sdk/signature-v4-multi-region/-/signature-v4-multi-region-3.996.44.tgz",
      "integrity": "sha512-ZSfQ35Qn4MhSY+A0Whyr+KBx+wJKZUyBsOrjB2pSHOafRzbFe47T8XcXM8hZqUAC69qnqIy0C9ArxTuud0CC2w==",
      "license": "Apache-2.0",
      "dependencies": {
        "@aws-sdk/types": "^3.974.3",
        "@smithy/signature-v4": "^5.6.12",
        "@smithy/types": "^4.16.1",
        "tslib": "^2.6.2"
      },
      "engines": {
        "node": ">=20.0.0"
      }
    },
    "node_modules/@aws-sdk/token-providers": {
      "version": "3.1108.0",
      "resolved": "https://registry.npmjs.org/@aws-sdk/token-providers/-/token-providers-3.1108.0.tgz",
      "integrity": "sha512-rI80zxDxGJ6904eC/YbjkdjY6JdaZvQ01kOmrMvw7cFQGIHo27fhnIVbMSVDS4T6foQImjxYSRoOu/uSJscXDw==",
      "license": "Apache-2.0",
      "dependencies": {
        "@aws-sdk/core": "^3.977.7",
        "@aws-sdk/nested-clients": "^3.997.42",
        "@aws-sdk/types": "^3.974.3",
        "@smithy/core": "^3.31.1",
        "@smithy/types": "^4.16.1",
        "tslib": "^2.6.2"
      },
      "engines": {
        "node": ">=20.0.0"
      }
    },
    "node_modules/@aws-sdk/types": {
      "version": "3.974.3",
      "resolved": "https://registry.npmjs.org/@aws-sdk/types/-/types-3.974.3.tgz",
      "integrity": "sha512-ECAqfpNsef+7MO8qtR0h9KcFIBAygaE7Cm6UOiQl+ft+uVap+1G7bNEjs4mdJE2OnA4m6k7i8peH8uGIAsOMGw==",
      "license": "Apache-2.0",
      "dependencies": {
        "@smithy/types": "^4.16.1",
        "tslib": "^2.6.2"
      },
      "engines": {
        "node": ">=20.0.0"
      }
    },
    "node_modules/@aws-sdk/xml-builder": {
      "version": "3.972.38",
      "resolved": "https://registry.npmjs.org/@aws-sdk/xml-builder/-/xml-builder-3.972.38.tgz",
      "integrity": "sha512-grf7mzfVxBS5AlsuTvBN7uDpzqohFww9fRPCO+EBSUdvtsYMcPSKdz54h/7XiscqNcUM1Ae1MF7JLHmiYYuzbQ==",
      "license": "Apache-2.0",
      "dependencies": {
        "@smithy/types": "^4.16.1",
        "tslib": "^2.6.2"
      },
      "engines": {
        "node": ">=20.0.0"
      }
    },
    "node_modules/@aws/lambda-invoke-store": {
      "version": "0.3.0",
      "resolved": "https://registry.npmjs.org/@aws/lambda-invoke-store/-/lambda-invoke-store-0.3.0.tgz",
      "integrity": "sha512-sl4Bm6yiMNYrZKkqqDFWN0UfnWhlS8ivKxrYl+6t0gCLrqr8y3B2IqZZbFRkfaVVp7C/baApyh71P+LeE1A2sQ==",
      "license": "Apache-2.0",
      "engines": {
        "node": ">=18.0.0"
      }
    },
    "node_modules/@mongodb-js/saslprep": {
      "version": "1.4.13",
      "resolved": "https://registry.npmjs.org/@mongodb-js/saslprep/-/saslprep-1.4.13.tgz",
      "integrity": "sha512-E3Sv4eCYAlKYUTx8S3ioQcDUscOif+8zZ5OnW1IzJ+Tt+EO+ke8mn+Y3FX6N1H79picwbdOavVOb1jPi2EOyrg==",
      "license": "MIT",
      "dependencies": {
        "sparse-bitfield": "^3.0.3"
      }
    },
    "node_modules/@smithy/core": {
      "version": "3.33.0",
      "resolved": "https://registry.npmjs.org/@smithy/core/-/core-3.33.0.tgz",
      "integrity": "sha512-uKbkxgqLyepQDZoq8aRSdUqD1ID//rOqG96ixBhp++O7vBtmwYM6fwldGhr9HJP0iYrdc7GP/AlgzPWEZIrNRg==",
      "license": "Apache-2.0",
      "dependencies": {
        "@smithy/types": "^4.17.0",
        "tslib": "^2.6.2"
      },
      "engines": {
        "node": ">=18.0.0"
      }
    },
    "node_modules/@smithy/credential-provider-imds": {
      "version": "4.5.0",
      "resolved": "https://registry.npmjs.org/@smithy/credential-provider-imds/-/credential-provider-imds-4.5.0.tgz",
      "integrity": "sha512-2jsPi+7Zv2hSzD9IXR9D7DTqSn7mv4XalzRm+bESh53jiaUS3NKEUbpQFTJP0HhQy9qzZvluxQ3yS24zdRrqsA==",
      "license": "Apache-2.0",
      "dependencies": {
        "@smithy/core": "^3.32.0",
        "@smithy/types": "^4.17.0",
        "tslib": "^2.6.2"
      },
      "engines": {
        "node": ">=18.0.0"
      }
    },
    "node_modules/@smithy/fetch-http-handler": {
      "version": "5.7.0",
      "resolved": "https://registry.npmjs.org/@smithy/fetch-http-handler/-/fetch-http-handler-5.7.0.tgz",
      "integrity": "sha512-W/exA8T0LEzCQtJ02w4IzaEQPIspgarqZprb7W8FwnYiDowgCrjl2fTQ6FvuSSUnJORuepBF81abmBJwqh+0XQ==",
      "license": "Apache-2.0",
      "dependencies": {
        "@smithy/core": "^3.32.0",
        "@smithy/types": "^4.17.0",
        "tslib": "^2.6.2"
      },
      "engines": {
        "node": ">=18.0.0"
      }
    },
    "node_modules/@smithy/node-http-handler": {
      "version": "4.11.0×OxîÚ$z{-®éÜj×¢'fW'6–öâ#¢#Bãã"ÀÐ¢'&W6öÇfVB#¢&‡GG3¢ò÷&Vv—7G'’æçÖ§2æ÷&röö&¦V7BÖ76–vâòÒöö&¦V7BÖ76–vâÓBããçFw¢"ÀÐ¢&–çFVw&—G’#¢'6†S"×$¦uEæµVäƒ4gs‡•Cee5S7¤C75v×Sg5¦„—6U“…e‚´u'S5dctgR´¤äFõ†f¶ÄVÆ$Ä¥6æ34eU…fSF5SV†¢´&5VsÓÒ"ÀÐ¢&Æ–6Vç6R#¢$Ô•B"ÀÐ¢&Væv–æW2#¢°Ð¢&æöFR#¢#ãÓãã Ð¢ÐÐ¢ÒÀÐ¢&æöFUöÖöGVÆW2öö&¦V7BÖ–ç7V7B#¢°Ð¢'fW'6–öâ#¢#ã2ãB"ÀÐ¢'&W6öÇfVB#¢&‡GG3¢ò÷&Vv—7G'’æçÖ§2æ÷&röö&¦V7BÖ–ç7V7BòÒöö&¦V7BÖ–ç7V7BÓã2ãBçFw¢"ÀÐ¢&–çFVw&—G’#¢'6†S"Õscv”ÆÃD£$U„TuF&fT„6fg&¤Ff—GdÄæsVÅƒ7teUU5Gƒ“$µ…$fVtÔ…Ufu7R·wf„&“Ew¤vs–7§—5Ec$W&WsÓÒ"ÀÐ¢&Æ–6Vç6R#¢$Ô•B"ÀÐ¢&Væv–æW2#¢°Ð¢&æöFR#¢#ãÒãB Ð¢ÒÀÐ¢&gVæF–ær#¢°Ð¢'W&Â#¢&‡GG3¢òöv—F‡V"æ6öÒ÷7öç6÷'2öÆ¦†&" Ð¢ÐÐ¢ÒÀÐ¢&æöFUöÖöGVÆW2ööâÖf–æ—6†VB#¢°Ð¢'fW'6–öâ#¢#"ãBã"ÀÐ¢'&W6öÇfVB#¢&‡GG3¢ò÷&Vv—7G'’æçÖ§2æ÷&rööâÖf–æ—6†VBòÒööâÖf–æ—6†VBÓ"ãBãçFw¢"ÀÐ¢&–çFVw&—G’#¢'6†S"ÖõfÇ¦¶s4Tä„6³'¦Gct”§vBõTCG£%'…'w¶4u“‡45f45•¤çGu–åetÄ„Ò¶''GT¦¦Uv•”bô6Æ×TG#„6ƒR¶¶sÓÒ"ÀÐ¢&Æ–6Vç6R#¢$Ô•B"ÀÐ¢&FWVæFVæ6–W2#¢°Ð¢&VRÖf—'7B#¢#ãã Ð¢ÒÀÐ¢&Væv–æW2#¢°Ð¢&æöFR#¢#ãÒã‚ Ð¢ÐÐ¢ÒÀÐ¢&æöFUöÖöGVÆW2ööæ6R#¢°Ð¢'fW'6–öâ#¢#ãBã"ÀÐ¢'&W6öÇfVB#¢&‡GG3¢ò÷&Vv—7G'’æçÖ§2æ÷&rööæ6RòÒööæ6RÓãBãçFw¢"ÀÐ¢&–çFVw&—G’#¢'6†S"ÖÄæ¦t’³%UU%&¶64T´…Eõ†EW†å¥¤VÅE¥“ÔeTVWSR´ç—fvG¢ö—”æ“e£”×¤óVGcƒ†ãS‚ôtTÇ2·sÓÒ"ÀÐ¢&Æ–6Vç6R#¢$•42"ÀÐ¢&FWVæFVæ6–W2#¢°Ð¢'w&’#¢# Ð¢ÐÐ¢ÒÀÐ¢&æöFUöÖöGVÆW2÷'6WW&Â#¢°Ð¢'fW'6–öâ#¢#ã2ã2"ÀÐ¢'&W6öÇfVB#¢&‡GG3¢ò÷&Vv—7G'’æçÖ§2æ÷&r÷'6WW&ÂòÒ÷'6WW&ÂÓã2ã2çFw¢"ÀÐ¢&–çFVw&—G’#¢'6†S"Ô6—–T÷„eBô¥§”ãVÓ£•e‡sE44$£e7–w£GÃw¦Æ„DTtt%vç5UdTÃc6†ôsf6£6d‡–å†“”å”óFåtôÂ·ÓÒ"ÀÐ¢&Æ–6Vç6R#¢$Ô•B"ÀÐ¢&Væv–æW2#¢°Ð¢&æöFR#¢#ãÒã‚ Ð¢ÐÐ¢ÒÀÐ¢&æöFUöÖöGVÆW2÷F‚×Fò×&VvW‡#¢°Ð¢'fW'6–öâ#¢#‚ãBã""ÀÐ¢'&W6öÇfVB#¢&‡GG3¢ò÷&Vv—7G'’æçÖ§2æ÷&r÷F‚×Fò×&VvW‡òÒ÷F‚×Fò×&VvW‡Ó‚ãBã"çFw¢"ÀÐ¢&–çFVw&—G’#¢'6†S"×&7T–Ec”åÓG$4²¶Föt“T4$DÖ“¤¶S'“W%5§£„¥dÇ43v¥c…‡”¦¤u$ÄÆöÃ4âµ#V–„u–7%ÅFæógD$ÓÒ"ÀÐ¢&Æ–6Vç6R#¢$Ô•B"ÀÐ¢&gVæF–ær#¢°Ð¢'G—R#¢&÷Væ6öÆÆV7F—fR"ÀÐ¢'W&Â#¢&‡GG3¢òö÷Væ6öÆÆV7F—fRæ6öÒöW‡&W72 Ð¢ÐÐ¢ÒÀÐ¢&æöFUöÖöGVÆW2÷&÷‡’ÖFG"#¢°Ð¢'fW'6–öâ#¢#"ããr"ÀÐ¢'&W6öÇfVB#¢&‡GG3¢ò÷&Vv—7G'’æçÖ§2æ÷&r÷&÷‡’ÖFG"òÒ÷&÷‡’ÖFG"Ó"ããrçFw¢"ÀÐ¢&–çFVw&—G’#¢'6†S"ÖÆÅ4ÔÅ5TEUCCF¦G%Rôó3wÆæ–f—DEµ§w&ÖÕ¦6õ4·”Ä·gE§‡•cã"ö$BôãGD$¢öt¤VE¥St´×&ô³µ…”sÓÒ"ÀÐ¢&Æ–6Vç6R#¢$Ô•B"ÀÐ¢&FWVæFVæ6–W2#¢°Ð¢&f÷'v&FVB#¢#ã"ã"ÀÐ¢&—FG"æ§2#¢#ã’ã Ð¢ÒÀÐ¢&Væv–æW2#¢°Ð¢&æöFR#¢#ãÒã Ð¢ÐÐ¢ÒÀÐ¢&æöFUöÖöGVÆW2÷&÷‡’Ög&öÒÖVçb#¢°Ð¢'fW'6–öâ#¢#"ãã"ÀÐ¢'&W6öÇfVB#¢&‡GG3¢ò÷&Vv—7G'’æçÖ§2æ÷&r÷&÷‡’Ög&öÒÖVçbòÒ÷&÷‡’Ög&öÒÖVçbÓ"ããçFw¢"ÀÐ¢&–çFVw&—G’#¢'6†S"Ö4¢¶ô…EsdV†4§6ÆvÕU§&2·6¥$¶t¶Ã5§—6Sbµc3†…¦Rõce£EF$7U†6ã”c–v†Ç£E$g#&3“%Däcƒ%Vµ”„ÓÒ"ÀÐ¢&Æ–6Vç6R#¢$Ô•B"ÀÐ¢&Væv–æW2#¢°Ð¢&æöFR#¢#ãÓ Ð¢ÐÐ¢ÒÀÐ¢&æöFUöÖöGVÆW2÷Vç–6öFR#¢°Ð¢'fW'6–öâ#¢#"ã2ã"ÀÐ¢'&W6öÇfVB#¢&‡GG3¢ò÷&Vv—7G'’æçÖ§2æ÷&r÷Vç–6öFRòÒ÷Vç–6öFRÓ"ã2ãçFw¢"ÀÐ¢&–çFVw&—G’#¢'6†S"×e—CuTCS•vsc3‡6„ÇDÄ÷fDR³„G42ö–ÄgDUd†4‚·w–F57äS#e4öGVcdÖµ$f„ÃTe“uƒõSväµe¤gFg„fsÓÒ"ÀÐ¢&Æ–6Vç6R#¢$Ô•B"ÀÐ¢&Væv–æW2#¢°Ð¢&æöFR#¢#ãÓb Ð¢ÐÐ¢ÒÀÐ¢&æöFUöÖöGVÆW2÷2#¢°Ð¢'fW'6–öâ#¢#bãRã2"ÀÐ¢'&W6öÇfVB#¢&‡GG3¢ò÷&Vv—7G'’æçÖ§2æ÷&r÷2òÒ÷2ÓbãRã2çFw¢"ÀÐ¢&–çFVw&—G’#¢'6†S"Ôó–vÃ7¤6ÃVƒV&Çs´uW¥¶„VõU…6Ã‡'uT”ÓVó36ä5„ÖÆ•7g“TG§ƒrôD¦4’µ7vt”7b´–æU5§v„&ƒõ7”T„sÓÒ"ÀÐ¢&Æ–6Vç6R#¢$%4BÓ2Ô6ÆW6R"ÀÐ¢&FWVæFVæ6–W2#¢°Ð¢&W2ÖFVf–æR×&÷W'G’#¢%ããã"ÀÐ¢'6–FRÖ6†ææVÂ#¢%ããã Ð¢ÒÀÐ¢&Væv–æW2#¢°Ð¢&æöFR#¢#ãÓãb Ð¢ÒÀÐ¢&gVæF–ær#¢°Ð¢'W&Â#¢&‡GG3¢òöv—F‡V"æ6öÒ÷7öç6÷'2öÆ¦†&" Ð¢ÐÐ¢ÒÀÐ¢&æöFUöÖöGVÆW2÷&ævR×'6W"#¢°Ð¢'fW'6–öâ#¢#ã2ã"ÀÐ¢'&W6öÇfVB#¢&‡GG3¢ò÷&Vv—7G'’æçÖ§2æ÷&r÷&ævR×'6W"òÒ÷&ævR×'6W"Óã2ãçFw¢"ÀÐ¢&–çFVw&—G’#¢'6†S"Ö†V³&ÔeT“DS$$·%7Fò´%S6S7ƒG‡V'6&—w#2¶ÆcwCF§WddÕc„eu7…W—„E'%„Ä–ö5Tv%7CSe¤×sÓÒ"ÀÐ¢&Æ–6Vç6R#¢$Ô•B"ÀÐ¢&Væv–æW2#¢°Ð¢&æöFR#¢#ãÒãb Ð¢ÒÀÐ¢&gVæF–ær#¢°Ð¢'G—R#¢&÷Væ6öÆÆV7F—fR"ÀÐ¢'W&Â#¢&‡GG3¢òö÷Væ6öÆÆV7F—fRæ6öÒöW‡&W72 Ð¢ÐÐ¢ÒÀÐ¢&æöFUöÖöGVÆW2÷&rÖ&öG’#¢°Ð¢'fW'6–öâ#¢#2ãã""ÀÐ¢'&W6öÇfVB#¢&‡GG3¢ò÷&Vv—7G'’æçÖ§2æ÷&r÷&rÖ&öG’òÒ÷&rÖ&öG’Ó2ãã"çFw¢"ÀÐ¢&–çFVw&—G’#¢'6†S"Ô³W¥¤FÆÇ…v¶cu£W„¦Ecô#uDçƒgg„ss¤¤SDã´'3DÆ÷fÔU•t§¥w„3–%3•$·S6&tÓCÇ&CW¦ôÄ£$ÕT$ÓÒ"ÀÐ¢&Æ–6Vç6R#¢$Ô•B"ÀÐ¢&FWVæFVæ6–W2#¢°Ð¢&'—FW2#¢'ã2ãã""ÀÐ¢&‡GGÖW'&÷'2#¢'ã"ãã"ÀÐ¢&–6öçbÖÆ—FR#¢'ããrã"ÀÐ¢'Vç—R#¢'ããã Ð¢ÒÀÐ¢&Væv–æW2#¢°Ð¢&æöFR#¢#ãÒã Ð¢ÐÐ¢ÒÀÐ¢&æöFUöÖöGVÆW2÷&÷WFW"#¢°Ð¢'fW'6–öâ#¢#"ã"ã"ÀÐ¢'&W6öÇfVB#¢&‡GG3¢ò÷&Vv—7G'’æçÖ§2æ÷&r÷&÷WFW"òÒ÷&÷WFW"Ó"ã"ãçFw¢"ÀÐ¢&–çFVw&—G’#¢'6†S"ÖäÅG%T¶Ó%W–”Ãw&Æ†Rõ¦ÃCTgtævµ¤v7¦$”†¤E–wvÄ¤4÷¤Å6²¶4•ç4Wc“STv¤”Ä¦ä¶&E3åe¢¶t•ÓÒ"ÀÐ¢&Æ–6Vç6R#¢$Ô•B"ÀÐ¢&FWVæFVæ6–W2#¢°Ð¢&FV'Vr#¢%ãBãBã"ÀÐ¢&FWB#¢%ã"ãã"ÀÐ¢&—2×&öÖ—6R#¢%ãBãã"ÀÐ¢''6WW&Â#¢%ãã2ã2"ÀÐ¢'F‚×Fò×&VvW‡#¢%ã‚ãã Ð¢ÒÀÐ¢&Væv–æW2#¢°Ð¢&æöFR#¢#ãÒ‚ Ð¢ÐÐ¢ÒÀÐ¢&æöFUöÖöGVÆW2÷6fW"Ö'VffW"#¢°Ð¢'fW'6–öâ#¢#"ãã""ÀÐ¢'&W6öÇfVB#¢&‡GG3¢ò÷&Vv—7G'’æçÖ§2æ÷&r÷6fW"Ö'VffW"òÒ÷6fW"Ö'VffW"Ó"ãã"çFw¢"ÀÐ¢&–çFVw&—G’#¢'6†S"Õ•¦ó4³ƒ%4Cu&—–“SUö¤Ç£v·Wå5“”—•$„†s……†Wf#VD¤“wG”ã$G„v5$„swf7•$†³6'w5&•WFsÓÒ"ÀÐ¢&Æ–6Vç6R#¢$Ô•B Ð¢ÒÀÐ¢&æöFUöÖöGVÆW2÷6VæB#¢°Ð¢'fW'6–öâ#¢#ã"ã"ÀÐ¢'&W6öÇfVB#¢&‡GG3¢ò÷&Vv—7G'’æçÖ§2æ÷&r÷6VæBòÒ÷6VæBÓã"ãçFw¢"ÀÐ¢&–çFVw&—G’#¢'6†S"Óvå¦ctDf6ô–6¥F¥Gv§wTF§§W£E5“%7DµÇ4tµ”ƒ#•%g$&…5vÖF¦÷uD£gS…&3õ”ôt…†eÕ–5¤åÓÒ"ÀÐ¢&Æ–6Vç6R#¢$Ô•B"ÀÐ¢&FWVæFVæ6–W2#¢°Ð¢&FV'Vr#¢%ãBãBã2"ÀÐ¢&Væ6öFWW&Â#¢%ã"ãã"ÀÐ¢&W66RÖ‡FÖÂ#¢%ããã2"ÀÐ¢&WFr#¢%ãã‚ã"ÀÐ¢&g&W6‚#¢%ã"ãã"ÀÐ¢&‡GGÖW'&÷'2#¢%ã"ãã"ÀÐ¢&Ö–ÖR×G—W2#¢%ã2ãã""ÀÐ¢&×2#¢%ã"ãã2"ÀÐ¢&öâÖf–æ—6†VB#¢%ã"ãBã"ÀÐ¢'&ævR×'6W"#¢%ãã"ã"ÀÐ¢'7FGW6W2#¢%ã"ãã" Ð¢ÒÀÐ¢&Væv–æW2#¢°Ð¢&æöFR#¢#ãÒ‚ Ð¢ÒÀÐ¢&gVæF–ær#¢°Ð¢'G—R#¢&÷Væ6öÆÆV7F—fR"ÀÐ¢'W&Â#¢&‡GG3¢òö÷Væ6öÆÆV7F—fRæ6öÒöW‡&W72 Ð¢ÐÐ¢ÒÀÐ¢&æöFUöÖöGVÆW2÷6W'fR×7FF–2#¢°Ð¢'fW'6–öâ#¢#"ã"ã"ÀÐ¢'&W6öÇfVB#¢&‡GG3¢ò÷&Vv—7G'’æçÖ§2æ÷&r÷6W'fR×7FF–2òÒ÷6W'fR×7FF–2Ó"ã"ãçFw¢"ÀÐ¢&–çFVw&—G’#¢'6†S"×…%„&ãEe”3‡w•$·3$ÔöÅƒ#G¥ôv£·VÇGfôô77D%ÓW—dö„e5WtôÖ¥EGg5vôä4†ewv¦…GsÓÒ"ÀÐ¢&Æ–6Vç6R#¢$Ô•B"ÀÐ¢&FWVæFVæ6–W2#¢°Ð¢&Væ6öFWW&Â#¢%ã"ãã"ÀÐ¢&W66RÖ‡FÖÂ#¢%ããã2"ÀÐ¢''6WW&Â#¢%ãã2ã2"ÀÐ¢'6VæB#¢%ãã"ã Ð¢ÒÀÐ¢&Væv–æW2#¢°Ð¢&æöFR#¢#ãÒ‚ Ð¢ÒÀÐ¢&gVæF–ær#¢°Ð¢'G—R#¢&÷Væ6öÆÆV7F—fR"ÀÐ¢'W&Â#¢&‡GG3¢òö÷Væ6öÆÆV7F—fRæ6öÒöW‡&W72 Ð¢ÐÐ¢ÒÀÐ¢&æöFUöÖöGVÆW2÷6WG&÷F÷G—Vöb#¢°Ð¢'fW'6–öâ#¢#ã"ã"ÀÐ¢'&W6öÇfVB#¢&‡GG3¢ò÷&Vv—7G'’æçÖ§2æ÷&r÷6WG&÷F÷G—VöbòÒ÷6WG&÷F÷G—VöbÓã"ãçFw¢"ÀÐ¢&–çFVw&—G’#¢'6†S"ÔSTÄEƒuw'ƒT¶–ÃV&…§cCf£†¤öV&ô·T¤ÖÕ”Ó6udvDtƒ‡„gu…T×4ç&ÄôD7&¶÷„ÔVTæ’õ…¤—wU'e“E„çu”Ô§sÓÒ"ÀÐ¢&Æ–6Vç6R#¢$•42 Ð¢ÒÀÐ¢&æöFUöÖöGVÆW2÷6–FRÖ6†ææVÂ#¢°Ð¢'fW'6–öâ#¢#ãã"ÀÐ¢'&W6öÇfVB#¢&‡GG3¢ò÷&Vv—7G'’æçÖ§2æ÷&r÷6–FRÖ6†ææVÂòÒ÷6–FRÖ6†ææVÂÓããçFw¢"ÀÐ¢&–çFVw&—G’#¢'6†S"ÓgƒfD³g¤¦GG¤cG5Tå—‡wGd'¦cdVsDwFÆW53“D„÷eGVEVW”³%u„–fÔFw7—6Å—%$&Td–Ç6“SD—4duWV†×g%ÓÒ"ÀÐ¢&Æ–6Vç6R#¢$Ô•B"ÀÐ¢&FWVæFVæ6–W2#¢°Ð¢&W2ÖW'&÷'2#¢%ãã2ã"ÀÐ¢&ö&¦V7BÖ–ç7V7B#¢%ãã2ãB"ÀÐ¢'6–FRÖ6†ææVÂÖÆ—7B#¢%ããã"ÀÐ¢'6–FRÖ6†ææVÂÖÖ#¢%ããã"ÀÐ¢'6–FRÖ6†ææVÂ×vV¶Ö#¢%ããã" Ð¢ÒÀÐ¢&Væv–æW2#¢°Ð¢&æöFR#¢#ãÒãB Ð¢ÒÀÐ¢&gVæF–ær#¢°Ð¢'W&Â#¢&‡GG3¢òöv—F‡V"æ6öÒ÷7öç6÷'2öÆ¦†&" Ð¢ÐÐ¢ÒÀÐ¢&æöFUöÖöGVÆW2÷6–FRÖ6†ææVÂÖÆ—7B#¢°Ð¢'fW'6–öâ#¢#ãã"ÀÐ¢'&W6öÇfVB#¢&‡GG3¢ò÷&Vv—7G'’æçÖ§2æ÷&r÷6–FRÖ6†ææVÂÖÆ—7BòÒ÷6–FRÖ6†ææVÂÖÆ—7BÓããçFw¢"ÀÐ¢&–çFVw&—G’#¢'6†S"ÖÖ¦âó&’öõUU&¦3U†Ãt–v’ôô¤¤§V×Vô¤e¦dDG”óCb¶„%w6fdÓcUD$‡&Võ¤&‡¦Ã”V6‡„ö–§¶%$3…5d%SsÓÒ"ÀÐ¢&Æ–6Vç6R#¢$Ô•B"ÀÐ¢&FWVæFVæ6–W2#¢°Ð¢&W2ÖW'&÷'2#¢%ãã2ã"ÀÐ¢&ö&¦V7BÖ–ç7V7B#¢%ãã2ãB Ð¢ÒÀÐ¢&Væv–æW2#¢°Ð¢&æöFR#¢#ãÒãB Ð¢ÒÀÐ¢&gVæF–ær#¢°Ð¢'W&Â#¢&‡GG3¢òöv—F‡V"æ6öÒ÷7öç6÷'2öÆ¦†&" Ð¢ÐÐ¢ÒÀÐ¢&æöFUöÖöGVÆW2÷6–FRÖ6†ææVÂÖÖ#¢°Ð¢'fW'6–öâ#¢#ãã"ÀÐ¢'&W6öÇfVB#¢&‡GG3¢ò÷&Vv—7G'’æçÖ§2æ÷&r÷6–FRÖ6†ææVÂÖÖòÒ÷6–FRÖ6†ææVÂÖÖÓããçFw¢"ÀÐ¢&–çFVw&—G’#¢'6†S"Õd6¤4æft×6'“7EFFó&æ&§DÒöWw&f¥†×F†VæµE–ƒ‡s—V5¢ó…6óGSDdt&V²ô&§õg4D4ÖôÄö—T$´”e…$ÓÒ"ÀÐ¢&Æ–6Vç6R#¢$Ô•B"ÀÐ¢&FWVæFVæ6–W2#¢°Ð¢&6ÆÂÖ&÷VæB#¢%ããã""ÀÐ¢&W2ÖW'&÷'2#¢%ãã2ã"ÀÐ¢&vWBÖ–çG&–ç6–2#¢%ãã"ãR"ÀÐ¢&ö&¦V7BÖ–ç7V7B#¢%ãã2ã2 Ð¢ÒÀÐ¢&Væv–æW2#¢°Ð¢&æöFR#¢#ãÒãB Ð¢ÒÀÐ¢&gVæF–ær#¢°Ð¢'W&Â#¢&‡GG3¢òöv—F‡V"æ6öÒ÷7öç6÷'2öÆ¦†&" Ð¢ÐÐ¢ÒÀÐ¢&æöFUöÖöGVÆW2÷6–FRÖ6†ææVÂ×vV¶Ö#¢°Ð¢'fW'6–öâ#¢#ãã""ÀÐ¢'&W6öÇfVB#¢&‡GG3¢ò÷&Vv—7G'’æçÖ§2æ÷&r÷6–FRÖ6†ææVÂ×vV¶ÖòÒ÷6–FRÖ6†ææVÂ×vV¶ÖÓãã"çFw¢"ÀÐ¢&–çFVw&—G’#¢'6†S"Õu2ô‡d…E–ä†—4Æó”Ö7$„ô¦³$f´„ò÷FÇfÆG—&æVÓFUF†“6w—F‡7vsgõ6õFÃS‡&7”d¤c&'#$³$ÓÒ"ÀÐ¢&Æ–6Vç6R#¢$Ô•B"ÀÐ¢&FWVæFVæ6–W2#¢°Ð¢&6ÆÂÖ&÷VæB#¢%ããã""ÀÐ¢&W2ÖW'&÷'2#¢%ãã2ã"ÀÐ¢&vWBÖ–çG&–ç6–2#¢%ãã"ãR"ÀÐ¢&ö&¦V7BÖ–ç7V7B#¢%ãã2ã2"ÀÐ¢'6–FRÖ6†ææVÂÖÖ#¢%ããã Ð¢ÒÀÐ¢&Væv–æW2#¢°Ð¢&æöFR#¢#ãÒãB Ð¢ÒÀÐ¢&gVæF–ær#¢°Ð¢'W&Â#¢&‡GG3¢òöv—F‡V"æ6öÒ÷7öç6÷'2öÆ¦†&" Ð¢ÐÐ¢ÒÀÐ¢&æöFUöÖöGVÆW2÷6–gB#¢°Ð¢'fW'6–öâ#¢#rãã2"ÀÐ¢'&W6öÇfVB#¢&‡GG3¢ò÷&Vv—7G'’æçÖ§2æ÷&r÷6–gBòÒ÷6–gBÓrãã2çFw¢"ÀÐ¢&–çFVw&—G’#¢'6†S"Õ'FÆ£cbö#”6Tg¥•GTçe‚ôTc–u&&&äu7dW•Cs”Ö6õ¦ôFTv„×”3Wt´ôW5¤¶ç·E6V÷fCTdÂö&¤…t344”—d5ÓÒ"ÀÐ¢&Æ–6Vç6R#¢$Ô•B Ð¢ÒÀÐ¢&æöFUöÖöGVÆW2÷7'6RÖ&—Ff–VÆB#¢°Ð¢'fW'6–öâ#¢#2ãã2"ÀÐ¢'&W6öÇfVB#¢&‡GG3¢ò÷&Vv—7G'’æçÖ§2æ÷&r÷7'6RÖ&—Ff–VÆBòÒ÷7'6RÖ&—Ff–VÆBÓ2ãã2çFw¢"ÀÐ¢&–çFVw&—G’#¢'6†S"Ö·g¦†“wgµFf¶ƒ¥R³$C%–ÆÇs'–×¤·V¥V7•ÖC•“sTçcFå$t¥¥„æ‡‡6vE#$&ÖÄF7C–æe6wTWd‡#ug5ÓÒ"ÀÐ¢&Æ–6Vç6R#¢$Ô•B"ÀÐ¢&FWVæFVæ6–W2#¢°Ð¢&ÖVÖ÷'’×vW"#¢%ããã" Ð¢ÐÐ¢ÒÀÐ¢&æöFUöÖöGVÆW2÷7FGW6W2#¢°Ð¢'fW'6–öâ#¢#"ãã""ÀÐ¢'&W6öÇfVB#¢&‡GG3¢ò÷&Vv—7G'’æçÖ§2æ÷&r÷7FGW6W2òÒ÷7FGW6W2Ó"ãã"çFw¢"ÀÐ¢&–çFVw&—G’#¢'6†S"ÔGdW“SUc4D#wV¶å&ò³F”ôuCVe6Å#‡uö…fF¶æ–u¥××7F´¥v‡v•”$4¤S5VÃ'FäF–†„%–å&…¥„t&•'sÓÒ"ÀÐ¢&Æ–6Vç6R#¢$Ô•B"ÀÐ¢&Væv–æW2#¢°Ð¢&æöFR#¢#ãÒã‚ Ð¢ÐÐ¢ÒÀÐ¢&æöFUöÖöGVÆW2÷Fö–FVçF–f–W"#¢°Ð¢'fW'6–öâ#¢#ãã"ÀÐ¢'&W6öÇfVB#¢&‡GG3¢ò÷&Vv—7G'’æçÖ§2æ÷&r÷Fö–FVçF–f–W"òÒ÷Fö–FVçF–f–W"ÓããçFw¢"ÀÐ¢&–çFVw&—G’#¢'6†S"ÖóW55´V¶rôD•æÔƒC5c÷VW$Ç'¥fVFµVƒ‡DtçfU‡gWv¤¶VæÅ6÷‚ó$òô%FÅ¥WDVR´¤sw3U–„W£c…Ä…$ÓÒ"ÀÐ¢&Æ–6Vç6R#¢$Ô•B"ÀÐ¢&Væv–æW2#¢°Ð¢&æöFR#¢#ãÓãb Ð¢ÐÐ¢ÒÀÐ¢&æöFUöÖöGVÆW2÷G#Cb#¢°Ð¢'fW'6–öâ#¢#Rãã"ÀÐ¢'&W6öÇfVB#¢&‡GG3¢ò÷&Vv—7G'’æçÖ§2æ÷&r÷G#CbòÒ÷G#CbÓRããçFw¢"ÀÐ¢&–çFVw&—G’#¢'6†S"Ö†DcU¦v¥GtçD¶¶¶Å—s#4Ôs'‚ö%7¥GF·†Ô•'r÷5Dåc…•‡44£FdÄƒ#6Æ‡†„„¦ÄVc45$4ô4tuws7d“4v5sÓÒ"ÀÐ¢&Æ–6Vç6R#¢$Ô•B"ÀÐ¢&FWVæFVæ6–W2#¢°Ð¢'Vç–6öFR#¢%ã"ã2ã Ð¢ÒÀÐ¢&Væv–æW2#¢°Ð¢&æöFR#¢#ãÓ‚ Ð¢ÐÐ¢ÒÀÐ¢&æöFUöÖöGVÆW2÷G6Æ–"#¢°Ð¢'fW'6–öâ#¢#"ã‚ã"ÀÐ¢'&W6öÇfVB#¢&‡GG3¢ò÷&Vv—7G'’æçÖ§2æ÷&r÷G6Æ–"òÒ÷G6Æ–"Ó"ã‚ãçFw¢"ÀÐ¢&–çFVw&—G’#¢'6†S"Öô¤gS“D…"´µfGU5UÃwvç×æfÔÇ4ôöäƒf#dTƒt4Vô³öÕU…Sf37t´Ecƒ4Ö´÷T…$‡E5„´µS“””&¥2ó'sÓÒ"ÀÐ¢&Æ–6Vç6R#¢#%4B Ð¢ÒÀÐ¢&æöFUöÖöGVÆW2÷G—RÖ—2#¢°Ð¢'fW'6–öâ#¢#"ãã"ÀÐ¢'&W6öÇfVB#¢&‡GG3¢ò÷&Vv—7G'’æçÖ§2æ÷&r÷G—RÖ—2òÒ÷G—RÖ—2Ó"ããçFw¢"ÀÐ¢&–çFVw&—G’#¢'6†S"Öf”‡sä&&2öµtc7¤eDVç…4dôuUƒ”tf$ô'F‡dFDÇ4–ÄVõtôd÷E3¦t6•—t—6´Ã–”u…¤Ã6´„C„öõ£DvÔÔDÓÒ"ÀÐ¢&Æ–6Vç6R#¢$Ô•B"ÀÐ¢&FWVæFVæ6–W2#¢°Ð¢&6öçFVçB×G—R#¢%ã"ãã"ÀÐ¢&ÖVF–×G—W"#¢%ããã"ÀÐ¢&Ö–ÖR×G—W2#¢%ã2ãã Ð¢ÒÀÐ¢&Væv–æW2#¢°Ð¢&æöFR#¢#ãÒ‚ Ð¢ÒÀÐ¢&gVæF–ær#¢°Ð¢'G—R#¢&÷Væ6öÆÆV7F—fR"ÀÐ¢'W&Â#¢&‡GG3¢òö÷Væ6öÆÆV7F—fRæ6öÒöW‡&W72 Ð¢ÐÐ¢ÒÀÐ¢&æöFUöÖöGVÆW2÷G—RÖ—2öæöFUöÖöGVÆW2ö6öçFVçB×G—R#¢°Ð¢'fW'6–öâ#¢#"ãã"ÀÐ¢'&W6öÇfVB#¢&‡GG3¢ò÷&Vv—7G'’æçÖ§2æ÷&rö6öçFVçB×G—RòÒö6öçFVçB×G—RÓ"ããçFw¢"ÀÐ¢&–çFVw&—G’#¢'6†S"Ö¢ôòöCtv5¤7”æÃrö‡u¤#cg'§·—fF7DÆÖ6¶'„Ç¤‡dd'¥D¤‡TtVFöDF57”•&ôG$Ä†´”D§Wg¦$fÇö¶“&5ÓÒ"ÀÐ¢&Æ–6Vç6R#¢$Ô•B"ÀÐ¢&Væv–æW2#¢°Ð¢&æöFR#¢#ãÓ‚ Ð¢ÒÀÐ¢&gVæF–ær#¢°Ð¢'G—R#¢&÷Væ6öÆÆV7F—fR"ÀÐ¢'W&Â#¢&‡GG3¢òö÷Væ6öÆÆV7F—fRæ6öÒöW‡&W72 Ð¢ÐÐ¢ÒÀÐ¢&æöFUöÖöGVÆW2÷Vç—R#¢°Ð¢'fW'6–öâ#¢#ãã"ÀÐ¢'&W6öÇfVB#¢&‡GG3¢ò÷&Vv—7G'’æçÖ§2æ÷&r÷Vç—RòÒ÷Vç—RÓããçFw¢"ÀÐ¢&–çFVw&—G’#¢'6†S"×§“&%–…77VguvÄ·u2¶Ã64ãr·wT¦Ä³gW£–D¤TöÅF&Ãf¦òõ–Å“FÖ#†uVµd3„$cuc„çW¦W•ç&·46‡§DµÓÒ"ÀÐ¢&Æ–6Vç6R#¢$Ô•B"ÀÐ¢&Væv–æW2#¢°Ð¢&æöFR#¢#ãÒã‚ Ð¢ÐÐ¢ÒÀÐ¢&æöFUöÖöGVÆW2÷f'’#¢°Ð¢'fW'6–öâ#¢#ãã""ÀÐ¢'&W6öÇfVB#¢&‡GG3¢ò÷&Vv—7G'’æçÖ§2æ÷&r÷f'’òÒ÷f'’Óãã"çFw¢"ÀÐ¢&–çFVw&—G’#¢'6†S"Ô$äv%tÆfCUU&†µ…UfÓ£‡WWe$W•FƒV÷e&öG–÷rô'%¤§”2³VeR´—¥÷¦Ô·¥—•$•6õ&†E#6T•¢õ‡sÓÒ"ÀÐ¢&Æ–6Vç6R#¢$Ô•B"ÀÐ¢&Væv–æW2#¢°Ð¢&æöFR#¢#ãÒã‚ Ð¢ÐÐ¢ÒÀÐ¢&æöFUöÖöGVÆW2÷vV&–FÂÖ6öçfW'6–öç2#¢°Ð¢'fW'6–öâ#¢#rãã"ÀÐ¢'&W6öÇfVB#¢&‡GG3¢ò÷&Vv—7G'’æçÖ§2æ÷&r÷vV&–FÂÖ6öçfW'6–öç2òÒ÷vV&–FÂÖ6öçfW'6–öç2ÓrããçFw¢"ÀÐ¢&–çFVw&—G’#¢'6†S"ÕgvFD'V´G§Ssöfd#“sWVä$”wdµ§Ò³…¥ƒg•6³†å–…föóT5–§—§C5”'e—E'Dò¶ôvÇ…rô#ƒtäue¢ögSfsÓÒ"ÀÐ¢&Æ–6Vç6R#¢$%4BÓ"Ô6ÆW6R"ÀÐ¢&Væv–æW2#¢°Ð¢&æöFR#¢#ãÓ" Ð¢ÐÐ¢ÒÀÐ¢&æöFUöÖöGVÆW2÷v†Gvr×W&Â#¢°Ð¢'fW'6–öâ#¢#Bã"ã"ÀÐ¢'&W6öÇfVB#¢&‡GG3¢ò÷&Vv—7G'’æçÖ§2æ÷&r÷v†Gvr×W&ÂòÒ÷v†Gvr×W&ÂÓBã"ãçFw¢"ÀÐ¢&–çFVw&—G’#¢'6†S"ÔFSs$vE§¤åET$$6‡5‡VUVå´F¶róTW§wdGU£UTfôTç”5SvÄ7g§våF¶¢²¶–‡·t·•–Wvâõ„åV$·sÓÒ"ÀÐ¢&Æ–6Vç6R#¢$Ô•B"ÀÐ¢&FWVæFVæ6–W2#¢°Ð¢'G#Cb#¢%ãRãã"ÀÐ¢'vV&–FÂÖ6öçfW'6–öç2#¢%ãrãã Ð¢ÒÀÐ¢&Væv–æW2#¢°Ð¢&æöFR#¢#ãÓ‚ Ð¢ÐÐ¢ÒÀÐ¢&æöFUöÖöGVÆW2÷w&’#¢°Ð¢'fW'6–öâ#¢#ãã""ÀÐ¢'&W6öÇfVB#¢&‡GG3¢ò÷&Vv—7G'’æçÖ§2æ÷&r÷w&’òÒ÷w&’Óãã"çFw¢"ÀÐ¢&–çFVw&—G’#¢'6†S"ÖÃE7ôE'6V÷#—tÃdWec"µGUãc6DÖµ¥¢÷7•†¶v…DV%c”¶Å3…W5£7Srô•óGw‡F4d#F&w&5#57fW¥5ÓÒ"ÀÐ¢&Æ–6Vç6R#¢$•42 Ð¢ÐÐ¢ÐÐ§ÐÐ